
Microsoft Visual Studio Solution File, Format Version 12.00
# Visual Studio Version 17
VisualStudioVersion = 17.8.34330.188
MinimumVisualStudioVersion = 10.0.40219.1
Project("{8BC9CEB8-8B4A-11D0-8D11-00A0C91BC942}") = "ReVox", "ReVox.vcxproj", "{FFEFA80F-83AF-4D12-B165-5F255DAA9D4F}"
EndProject
Global
	GlobalSection(SolutionConfigurationPlatforms) = preSolution
		Debug|x64 = Debug|x64
		Release|x64 = Release|x64
	EndGlobalSection
	GlobalSection(ProjectConfigurationPlatforms) = postSolution
		{FFEFA80F-83AF-4D12-B165-5F255DAA9D4F}.Debug|x64.ActiveCfg = Debug|x64
		{FFEFA80F-83AF-4D12-B165-5F255DAA9D4F}.Debug|x64.Build.0 = Debug|x64
		{FFEFA80F-83AF-4D12-B165-5F255DAA9D4F}.Release|x64.ActiveCfg = Release|x64
		{FFEFA80F-83AF-4D12-B165-5F255DAA9D4F}.Release|x64.Build.0 = Release|x64
	EndGlobalSection
	GlobalSection(SolutionProperties) = preSolution
		HideSolutionNode = FALSE
	EndGlobalSection
	GlobalSection(ExtensibilityGlobals) = postSolution
		SolutionGuid = {F6277E6F-5848-446F-B89D-21A6F86F3A4F}
	EndGlobalSection
EndGlobal
