
Microsoft Visual Studio Solution File, Format Version 12.00
# Visual Studio Version 16
VisualStudioVersion = 16.0.33027.164
MinimumVisualStudioVersion = 10.0.40219.1
Project("{8BC9CEB8-8B4A-11D0-8D11-00A0C91BC942}") = "InputBlockerDLL", "InputBlockerDLL.vcxproj", "{CC8D040D-AC86-4CA1-8AC0-2C04DC22DECB}"
EndProject
Global
	GlobalSection(SolutionConfigurationPlatforms) = preSolution
		Debug|x64 = Debug|x64
		Debug|x86 = Debug|x86
		Release|x64 = Release|x64
		Release|x86 = Release|x86
	EndGlobalSection
	GlobalSection(ProjectConfigurationPlatforms) = postSolution
		{CC8D040D-AC86-4CA1-8AC0-2C04DC22DECB}.Debug|x64.ActiveCfg = Debug|x64
		{CC8D040D-AC86-4CA1-8AC0-2C04DC22DECB}.Debug|x64.Build.0 = Debug|x64
		{CC8D040D-AC86-4CA1-8AC0-2C04DC22DECB}.Debug|x86.ActiveCfg = Debug|Win32
		{CC8D040D-AC86-4CA1-8AC0-2C04DC22DECB}.Debug|x86.Build.0 = Debug|Win32
		{CC8D040D-AC86-4CA1-8AC0-2C04DC22DECB}.Release|x64.ActiveCfg = Release|x64
		{CC8D040D-AC86-4CA1-8AC0-2C04DC22DECB}.Release|x64.Build.0 = Release|x64
		{CC8D040D-AC86-4CA1-8AC0-2C04DC22DECB}.Release|x86.ActiveCfg = Release|Win32
		{CC8D040D-AC86-4CA1-8AC0-2C04DC22DECB}.Release|x86.Build.0 = Release|Win32
	EndGlobalSection
	GlobalSection(SolutionProperties) = preSolution
		HideSolutionNode = FALSE
	EndGlobalSection
	GlobalSection(ExtensibilityGlobals) = postSolution
		SolutionGuid = {C976BF2C-54B4-460A-8470-A59A00CCB54F}
	EndGlobalSection
EndGlobal
